
Microsoft Visual Studio Solution File, Format Version 12.00
# Visual Studio 15
VisualStudioVersion = 15.0.27004.2006
MinimumVisualStudioVersion = 10.0.40219.1
Project("{FAE04EC0-301F-11D3-BF4B-00C04F79EFBC}") = "Sorting Candy", "Sorting Candy\Sorting Candy.csproj", "{AFC08BEC-B7CA-467C-95C8-27F3081F235B}"
EndProject
Global
	GlobalSection(SolutionConfigurationPlatforms) = preSolution
		Debug|Any CPU = Debug|Any CPU
		Release|Any CPU = Release|Any CPU
	EndGlobalSection
	GlobalSection(ProjectConfigurationPlatforms) = postSolution
		{AFC08BEC-B7CA-467C-95C8-27F3081F235B}.Debug|Any CPU.ActiveCfg = Debug|Any CPU
		{AFC08BEC-B7CA-467C-95C8-27F3081F235B}.Debug|Any CPU.Build.0 = Debug|Any CPU
		{AFC08BEC-B7CA-467C-95C8-27F3081F235B}.Release|Any CPU.ActiveCfg = Release|Any CPU
		{AFC08BEC-B7CA-467C-95C8-27F3081F235B}.Release|Any CPU.Build.0 = Release|Any CPU
	EndGlobalSection
	GlobalSection(SolutionProperties) = preSolution
		HideSolutionNode = FALSE
	EndGlobalSection
	GlobalSection(ExtensibilityGlobals) = postSolution
		SolutionGuid = {78CC4AEC-FEEB-45B8-A4A2-11A03001D3F0}
	EndGlobalSection
EndGlobal
